
Microsoft Visual Studio Solution File, Format Version 12.00
# Visual Studio Version 17
VisualStudioVersion = 17.8.34330.188
MinimumVisualStudioVersion = 10.0.40219.1
Project("{FAE04EC0-301F-11D3-BF4B-00C04F79EFBC}") = "MvcMusicStore", "MvcMusicStore\MvcMusicStore.csproj", "{7F1A4F86-BCC3-44A5-9D22-5DB18C2C3084}"
EndProject
Global
	GlobalSection(SolutionConfigurationPlatforms) = preSolution
		Debug|Any CPU = Debug|Any CPU
		Release|Any CPU = Release|Any CPU
	EndGlobalSection
	GlobalSection(ProjectConfigurationPlatforms) = postSolution
		{7F1A4F86-BCC3-44A5-9D22-5DB18C2C3084}.Debug|Any CPU.ActiveCfg = Debug|Any CPU
		{7F1A4F86-BCC3-44A5-9D22-5DB18C2C3084}.Debug|Any CPU.Build.0 = Debug|Any CPU
		{7F1A4F86-BCC3-44A5-9D22-5DB18C2C3084}.Release|Any CPU.ActiveCfg = Release|Any CPU
		{7F1A4F86-BCC3-44A5-9D22-5DB18C2C3084}.Release|Any CPU.Build.0 = Release|Any CPU
	EndGlobalSection
	GlobalSection(SolutionProperties) = preSolution
		HideSolutionNode = FALSE
	EndGlobalSection
	GlobalSection(ExtensibilityGlobals) = postSolution
		SolutionGuid = {D0C249C1-CF45-4CBC-98B4-B6E4B5DA361A}
	EndGlobalSection
EndGlobal
